
Microsoft Visual Studio Solution File, Format Version 12.00
# Visual Studio Version 17
VisualStudioVersion = 17.4.33205.214
MinimumVisualStudioVersion = 10.0.40219.1
Project("{FAE04EC0-301F-11D3-BF4B-00C04F79EFBC}") = "ControlFlowExercises", "ControlFlowExercises.csproj", "{457CDFB5-0C1F-4FE2-93B5-9A912063E7DE}"
EndProject
Global
	GlobalSection(SolutionConfigurationPlatforms) = preSolution
		Debug|Any CPU = Debug|Any CPU
		Release|Any CPU = Release|Any CPU
	EndGlobalSection
	GlobalSection(ProjectConfigurationPlatforms) = postSolution
		{457CDFB5-0C1F-4FE2-93B5-9A912063E7DE}.Debug|Any CPU.ActiveCfg = Debug|Any CPU
		{457CDFB5-0C1F-4FE2-93B5-9A912063E7DE}.Debug|Any CPU.Build.0 = Debug|Any CPU
		{457CDFB5-0C1F-4FE2-93B5-9A912063E7DE}.Release|Any CPU.ActiveCfg = Release|Any CPU
		{457CDFB5-0C1F-4FE2-93B5-9A912063E7DE}.Release|Any CPU.Build.0 = Release|Any CPU
	EndGlobalSection
	GlobalSection(SolutionProperties) = preSolution
		HideSolutionNode = FALSE
	EndGlobalSection
	GlobalSection(ExtensibilityGlobals) = postSolution
		SolutionGuid = {F814B74C-4927-4D39-8A89-917BB1C14C3E}
	EndGlobalSection
EndGlobal
