
Microsoft Visual Studio Solution File, Format Version 12.00
# Visual Studio Version 17
VisualStudioVersion = 17.4.33205.214
MinimumVisualStudioVersion = 10.0.40219.1
Project("{FAE04EC0-301F-11D3-BF4B-00C04F79EFBC}") = "LeetCode1428", "LeetCode1428.csproj", "{ED814580-38D6-4043-8D65-0742DE2C799E}"
EndProject
Global
	GlobalSection(SolutionConfigurationPlatforms) = preSolution
		Debug|Any CPU = Debug|Any CPU
		Release|Any CPU = Release|Any CPU
	EndGlobalSection
	GlobalSection(ProjectConfigurationPlatforms) = postSolution
		{ED814580-38D6-4043-8D65-0742DE2C799E}.Debug|Any CPU.ActiveCfg = Debug|Any CPU
		{ED814580-38D6-4043-8D65-0742DE2C799E}.Debug|Any CPU.Build.0 = Debug|Any CPU
		{ED814580-38D6-4043-8D65-0742DE2C799E}.Release|Any CPU.ActiveCfg = Release|Any CPU
		{ED814580-38D6-4043-8D65-0742DE2C799E}.Release|Any CPU.Build.0 = Release|Any CPU
	EndGlobalSection
	GlobalSection(SolutionProperties) = preSolution
		HideSolutionNode = FALSE
	EndGlobalSection
	GlobalSection(ExtensibilityGlobals) = postSolution
		SolutionGuid = {545A984A-4A60-4231-A547-9D1E48F4A1CE}
	EndGlobalSection
EndGlobal
